
Microsoft Visual Studio Solution File, Format Version 12.00
# Visual Studio 15
VisualStudioVersion = 15.0.28307.1022
MinimumVisualStudioVersion = 10.0.40219.1
Project("{FAE04EC0-301F-11D3-BF4B-00C04F79EFBC}") = "PokeroleUI2", "PokeroleUI2\PokeroleUI2.csproj", "{3DEE0ADA-8F2C-4255-86CB-06A27D4EE026}"
EndProject
Global
	GlobalSection(SolutionConfigurationPlatforms) = preSolution
		Debug|Any CPU = Debug|Any CPU
		Release|Any CPU = Release|Any CPU
	EndGlobalSection
	GlobalSection(ProjectConfigurationPlatforms) = postSolution
		{3DEE0ADA-8F2C-4255-86CB-06A27D4EE026}.Debug|Any CPU.ActiveCfg = Debug|Any CPU
		{3DEE0ADA-8F2C-4255-86CB-06A27D4EE026}.Debug|Any CPU.Build.0 = Debug|Any CPU
		{3DEE0ADA-8F2C-4255-86CB-06A27D4EE026}.Release|Any CPU.ActiveCfg = Release|Any CPU
		{3DEE0ADA-8F2C-4255-86CB-06A27D4EE026}.Release|Any CPU.Build.0 = Release|Any CPU
	EndGlobalSection
	GlobalSection(SolutionProperties) = preSolution
		HideSolutionNode = FALSE
	EndGlobalSection
	GlobalSection(ExtensibilityGlobals) = postSolution
		SolutionGuid = {19441B44-9941-497C-A85E-5D9DD9A50F0C}
	EndGlobalSection
EndGlobal
